lockfileVersion: '9.0'

settings:
  autoInstallPeers: true
  excludeLinksFromLockfile: false

importers:

  .:
    devDependencies:
      turbo:
        specifier: ^2.2.3
        version: 2.2.3

packages:

  turbo-darwin-64@2.2.3:
    resolution: {integrity: sha512-Rcm10CuMKQGcdIBS3R/9PMeuYnv6beYIHqfZFeKWVYEWH69sauj4INs83zKMTUiZJ3/hWGZ4jet9AOwhsssLyg==}
    cpu: [x64]
    os: [darwin]

  turbo-darwin-arm64@2.2.3:
    resolution: {integrity: sha512-+EIMHkuLFqUdJYsA3roj66t9+9IciCajgj+DVek+QezEdOJKcRxlvDOS2BUaeN8kEzVSsNiAGnoysFWYw4K0HA==}
    cpu: [arm64]
    os: [darwin]

  turbo-linux-64@2.2.3:
    resolution: {integrity: sha512-UBhJCYnqtaeOBQLmLo8BAisWbc9v9daL9G8upLR+XGj6vuN/Nz6qUAhverN4Pyej1g4Nt1BhROnj6GLOPYyqxQ==}
    cpu: [x64]
    os: [linux]

  turbo-linux-arm64@2.2.3:
    resolution: {integrity: sha512-hJYT9dN06XCQ3jBka/EWvvAETnHRs3xuO/rb5bESmDfG+d9yQjeTMlhRXKrr4eyIMt6cLDt1LBfyi+6CQ+VAwQ==}
    cpu: [arm64]
    os: [linux]

  turbo-windows-64@2.2.3:
    resolution: {integrity: sha512-NPrjacrZypMBF31b4HE4ROg4P3nhMBPHKS5WTpMwf7wydZ8uvdEHpESVNMOtqhlp857zbnKYgP+yJF30H3N2dQ==}
    cpu: [x64]
    os: [win32]

  turbo-windows-arm64@2.2.3:
    resolution: {integrity: sha512-fnNrYBCqn6zgKPKLHu4sOkihBI/+0oYFr075duRxqUZ+1aLWTAGfHZLgjVeLh3zR37CVzuerGIPWAEkNhkWEIw==}
    cpu: [arm64]
    os: [win32]

  turbo@2.2.3:
    resolution: {integrity: sha512-5lDvSqIxCYJ/BAd6rQGK/AzFRhBkbu4JHVMLmGh/hCb7U3CqSnr5Tjwfy9vc+/5wG2DJ6wttgAaA7MoCgvBKZQ==}
    hasBin: true

snapshots:

  turbo-darwin-64@2.2.3:
    optional: true

  turbo-darwin-arm64@2.2.3:
    optional: true

  turbo-linux-64@2.2.3:
    optional: true

  turbo-linux-arm64@2.2.3:
    optional: true

  turbo-windows-64@2.2.3:
    optional: true

  turbo-windows-arm64@2.2.3:
    optional: true

  turbo@2.2.3:
    optionalDependencies:
      turbo-darwin-64: 2.2.3
      turbo-darwin-arm64: 2.2.3
      turbo-linux-64: 2.2.3
      turbo-linux-arm64: 2.2.3
      turbo-windows-64: 2.2.3
      turbo-windows-arm64: 2.2.3
